
Microsoft Visual Studio Solution File, Format Version 12.00
# Visual Studio Version 16
VisualStudioVersion = 16.0.29009.5
MinimumVisualStudioVersion = 10.0.40219.1
Project("{FAE04EC0-301F-11D3-BF4B-00C04F79EFBC}") = "RobertOgden", "RobertOgden.csproj", "{512B5DB5-19E6-4E0B-A147-CF248EF227B5}"
EndProject
Global
	GlobalSection(SolutionConfigurationPlatforms) = preSolution
		Debug|Any CPU = Debug|Any CPU
		Release|Any CPU = Release|Any CPU
	EndGlobalSection
	GlobalSection(ProjectConfigurationPlatforms) = postSolution
		{512B5DB5-19E6-4E0B-A147-CF248EF227B5}.Debug|Any CPU.ActiveCfg = Debug|Any CPU
		{512B5DB5-19E6-4E0B-A147-CF248EF227B5}.Debug|Any CPU.Build.0 = Debug|Any CPU
		{512B5DB5-19E6-4E0B-A147-CF248EF227B5}.Release|Any CPU.ActiveCfg = Release|Any CPU
		{512B5DB5-19E6-4E0B-A147-CF248EF227B5}.Release|Any CPU.Build.0 = Release|Any CPU
	EndGlobalSection
	GlobalSection(SolutionProperties) = preSolution
		HideSolutionNode = FALSE
	EndGlobalSection
	GlobalSection(ExtensibilityGlobals) = postSolution
		SolutionGuid = {2612BBC9-0A7D-4FFD-810E-8252508F94F8}
	EndGlobalSection
EndGlobal
